
Microsoft Visual Studio Solution File, Format Version 12.00
# Visual Studio Version 16
VisualStudioVersion = 16.0.29209.62
MinimumVisualStudioVersion = 10.0.40219.1
Project("{2150E333-8FDC-42A3-9474-1A3956D46DE8}") = "src", "src", "{4090CCF3-28ED-4D78-9FE0-C8C72DC21B90}"
EndProject
Project("{2150E333-8FDC-42A3-9474-1A3956D46DE8}") = "tests", "tests", "{19C71B8B-4B9B-47C5-90EC-5D0F645CCB78}"
EndProject
Project("{2150E333-8FDC-42A3-9474-1A3956D46DE8}") = "1-entrypoint", "1-entrypoint", "{7F0D1969-FCA4-49EB-896E-0281DEFDC556}"
EndProject
Project("{2150E333-8FDC-42A3-9474-1A3956D46DE8}") = "2-core", "2-core", "{4EB0FAAB-5546-4DC0-B192-056DCD5E3E5E}"
EndProject
Project("{2150E333-8FDC-42A3-9474-1A3956D46DE8}") = "3-infraestructure", "3-infraestructure", "{E2E628C0-2CF1-40B6-879C-F1593494BB8C}"
EndProject
Project("{9A19103F-16F7-4668-BE54-9A1E7A4F7556}") = "Gyp.Corrida.API", "Gyp.Corrida.API\Gyp.Corrida.API.csproj", "{6D2B249D-7DC9-447D-88DC-CC5A192C71EA}"
EndProject
Project("{FAE04EC0-301F-11D3-BF4B-00C04F79EFBC}") = "Gyp.Corrida.Domain", "Gyp.Corrida.Domain\Gyp.Corrida.Domain.csproj", "{A4EC92FA-AD3E-4256-AE0D-EDF2C7E55C94}"
EndProject
Project("{FAE04EC0-301F-11D3-BF4B-00C04F79EFBC}") = "Gyp.Corrida.InfraStructure.Bootstrap", "Gyp.Corrida.InfraStructure.Bootstrap\Gyp.Corrida.InfraStructure.Bootstrap.csproj", "{97FA1C0C-388C-4993-8072-D1AE3B043422}"
EndProject
Project("{9A19103F-16F7-4668-BE54-9A1E7A4F7556}") = "Gyp.Corrida.Domain.Tests", "Gyp.Corrida.Domain.Tests\Gyp.Corrida.Domain.Tests.csproj", "{76B392D5-BE2F-4A88-A802-D56A31E9B86F}"
EndProject
Project("{FAE04EC0-301F-11D3-BF4B-00C04F79EFBC}") = "Gyp.Corrida.Application", "Gyp.Corrida.Application\Gyp.Corrida.Application.csproj", "{095B77EC-9C8B-423D-85FA-E47E26D05725}"
EndProject
Project("{FAE04EC0-301F-11D3-BF4B-00C04F79EFBC}") = "Gyp.Corrida.Application.Tests", "Gyp.Corrida.Application.Tests\Gyp.Corrida.Application.Tests.csproj", "{A9809EFD-2D5D-47E0-812B-36D5E9F54518}"
EndProject
Global
	GlobalSection(SolutionConfigurationPlatforms) = preSolution
		Debug|Any CPU = Debug|Any CPU
		Release|Any CPU = Release|Any CPU
	EndGlobalSection
	GlobalSection(ProjectConfigurationPlatforms) = postSolution
		{6D2B249D-7DC9-447D-88DC-CC5A192C71EA}.Debug|Any CPU.ActiveCfg = Debug|Any CPU
		{6D2B249D-7DC9-447D-88DC-CC5A192C71EA}.Debug|Any CPU.Build.0 = Debug|Any CPU
		{6D2B249D-7DC9-447D-88DC-CC5A192C71EA}.Release|Any CPU.ActiveCfg = Release|Any CPU
		{6D2B249D-7DC9-447D-88DC-CC5A192C71EA}.Release|Any CPU.Build.0 = Release|Any CPU
		{A4EC92FA-AD3E-4256-AE0D-EDF2C7E55C94}.Debug|Any CPU.ActiveCfg = Debug|Any CPU
		{A4EC92FA-AD3E-4256-AE0D-EDF2C7E55C94}.Debug|Any CPU.Build.0 = Debug|Any CPU
		{A4EC92FA-AD3E-4256-AE0D-EDF2C7E55C94}.Release|Any CPU.ActiveCfg = Release|Any CPU
		{A4EC92FA-AD3E-4256-AE0D-EDF2C7E55C94}.Release|Any CPU.Build.0 = Release|Any CPU
		{97FA1C0C-388C-4993-8072-D1AE3B043422}.Debug|Any CPU.ActiveCfg = Debug|Any CPU
		{97FA1C0C-388C-4993-8072-D1AE3B043422}.Debug|Any CPU.Build.0 = Debug|Any CPU
		{97FA1C0C-388C-4993-8072-D1AE3B043422}.Release|Any CPU.ActiveCfg = Release|Any CPU
		{97FA1C0C-388C-4993-8072-D1AE3B043422}.Release|Any CPU.Build.0 = Release|Any CPU
		{76B392D5-BE2F-4A88-A802-D56A31E9B86F}.Debug|Any CPU.ActiveCfg = Debug|Any CPU
		{76B392D5-BE2F-4A88-A802-D56A31E9B86F}.Debug|Any CPU.Build.0 = Debug|Any CPU
		{76B392D5-BE2F-4A88-A802-D56A31E9B86F}.Release|Any CPU.ActiveCfg = Release|Any CPU
		{76B392D5-BE2F-4A88-A802-D56A31E9B86F}.Release|Any CPU.Build.0 = Release|Any CPU
		{095B77EC-9C8B-423D-85FA-E47E26D05725}.Debug|Any CPU.ActiveCfg = Debug|Any CPU
		{095B77EC-9C8B-423D-85FA-E47E26D05725}.Debug|Any CPU.Build.0 = Debug|Any CPU
		{095B77EC-9C8B-423D-85FA-E47E26D05725}.Release|Any CPU.ActiveCfg = Release|Any CPU
		{095B77EC-9C8B-423D-85FA-E47E26D05725}.Release|Any CPU.Build.0 = Release|Any CPU
		{A9809EFD-2D5D-47E0-812B-36D5E9F54518}.Debug|Any CPU.ActiveCfg = Debug|Any CPU
		{A9809EFD-2D5D-47E0-812B-36D5E9F54518}.Debug|Any CPU.Build.0 = Debug|Any CPU
		{A9809EFD-2D5D-47E0-812B-36D5E9F54518}.Release|Any CPU.ActiveCfg = Release|Any CPU
		{A9809EFD-2D5D-47E0-812B-36D5E9F54518}.Release|Any CPU.Build.0 = Release|Any CPU
	EndGlobalSection
	GlobalSection(SolutionProperties) = preSolution
		HideSolutionNode = FALSE
	EndGlobalSection
	GlobalSection(NestedProjects) = preSolution
		{7F0D1969-FCA4-49EB-896E-0281DEFDC556} = {4090CCF3-28ED-4D78-9FE0-C8C72DC21B90}
		{4EB0FAAB-5546-4DC0-B192-056DCD5E3E5E} = {4090CCF3-28ED-4D78-9FE0-C8C72DC21B90}
		{E2E628C0-2CF1-40B6-879C-F1593494BB8C} = {4090CCF3-28ED-4D78-9FE0-C8C72DC21B90}
		{6D2B249D-7DC9-447D-88DC-CC5A192C71EA} = {7F0D1969-FCA4-49EB-896E-0281DEFDC556}
		{A4EC92FA-AD3E-4256-AE0D-EDF2C7E55C94} = {4EB0FAAB-5546-4DC0-B192-056DCD5E3E5E}
		{97FA1C0C-388C-4993-8072-D1AE3B043422} = {E2E628C0-2CF1-40B6-879C-F1593494BB8C}
		{76B392D5-BE2F-4A88-A802-D56A31E9B86F} = {19C71B8B-4B9B-47C5-90EC-5D0F645CCB78}
		{095B77EC-9C8B-423D-85FA-E47E26D05725} = {4EB0FAAB-5546-4DC0-B192-056DCD5E3E5E}
		{A9809EFD-2D5D-47E0-812B-36D5E9F54518} = {19C71B8B-4B9B-47C5-90EC-5D0F645CCB78}
	EndGlobalSection
	GlobalSection(ExtensibilityGlobals) = postSolution
		SolutionGuid = {09451473-2A48-4527-832E-1A99470A4C5F}
	EndGlobalSection
EndGlobal
